// !$*UTF8*$!
{
	archiveVersion = 1;
	classes = {
	};
	objectVersion = 50;
	objects = {

/* Begin PBXBuildFile section */
		1778DBA162FF3410AC2CF01F /* libPods-TransactionViewer.a in Frameworks */ = {isa = PBXBuildFile; fileRef = 9FEAE483A9B2EA56001CB8E2 /* libPods-TransactionViewer.a */; };
		8F2EA8342F34BCA53DA18925 /* libPods-TransactionViewerTests.a in Frameworks */ = {isa = PBXBuildFile; fileRef = 0AF22486B50C050559F930D1 /* libPods-TransactionViewerTests.a */; };
		BA3A091F231135C50041B1DB /* AppDelegate.swift in Sources */ = {isa = PBXBuildFile; fileRef = BA3A091E231135C50041B1DB /* AppDelegate.swift */; };
		BA3A0921231135C50041B1DB /* ViewController.swift in Sources */ = {isa = PBXBuildFile; fileRef = BA3A0920231135C50041B1DB /* ViewController.swift */; };
		BA3A0924231135C50041B1DB /* Main.storyboard in Resources */ = {isa = PBXBuildFile; fileRef = BA3A0922231135C50041B1DB /* Main.storyboard */; };
		BA3A0926231135C60041B1DB /* Assets.xcassets in Resources */ = {isa = PBXBuildFile; fileRef = BA3A0925231135C60041B1DB /* Assets.xcassets */; };
		BA3A0929231135C60041B1DB /* LaunchScreen.storyboard in Resources */ = {isa = PBXBuildFile; fileRef = BA3A0927231135C60041B1DB /* LaunchScreen.storyboard */; };
		BA5BBF102311936E00A48AB5 /* AppContainer.swift in Sources */ = {isa = PBXBuildFile; fileRef = BA5BBF0F2311936E00A48AB5 /* AppContainer.swift */; };
		BA5BBF1D23119F6100A48AB5 /* AppCoordinator.swift in Sources */ = {isa = PBXBuildFile; fileRef = BA5BBF1C23119F6100A48AB5 /* AppCoordinator.swift */; };
		BA5BBF1F23119FB000A48AB5 /* BaseAppCoordinator.swift in Sources */ = {isa = PBXBuildFile; fileRef = BA5BBF1E23119FB000A48AB5 /* BaseAppCoordinator.swift */; };
		BA5BBF212311CD2B00A48AB5 /* TransactionViewerTests.swift in Sources */ = {isa = PBXBuildFile; fileRef = BA5BBF202311CD2B00A48AB5 /* TransactionViewerTests.swift */; };
		BAE4B7612312583B00B666A8 /* ProductsViewController.swift in Sources */ = {isa = PBXBuildFile; fileRef = BAE4B7602312583B00B666A8 /* ProductsViewController.swift */; };
		BAE4B7632312587400B666A8 /* ProductsViewController.storyboard in Resources */ = {isa = PBXBuildFile; fileRef = BAE4B7622312587400B666A8 /* ProductsViewController.storyboard */; };
		BAE4B7662312590C00B666A8 /* UIViewController+Extensions.swift in Sources */ = {isa = PBXBuildFile; fileRef = BAE4B7652312590C00B666A8 /* UIViewController+Extensions.swift */; };
/* End PBXBuildFile section */

/* Begin PBXContainerItemProxy section */
		BA7FC0B623114CCA00EE5233 /* PBXContainerItemProxy */ = {
			isa = PBXContainerItemProxy;
			containerPortal = BA3A0913231135C50041B1DB /* Project object */;
			proxyType = 1;
			remoteGlobalIDString = BA3A091A231135C50041B1DB;
			remoteInfo = TransactionViewer;
		};
/* End PBXContainerItemProxy section */

/* Begin PBXFileReference section */
		0AF22486B50C050559F930D1 /* libPods-TransactionViewerTests.a */ = {isa = PBXFileReference; explicitFileType = archive.ar; includeInIndex = 0; path = "libPods-TransactionViewerTests.a"; sourceTree = BUILT_PRODUCTS_DIR; };
		330B7D7D6260A5208F788E7B /* Pods-TransactionViewer.debug.xcconfig */ = {isa = PBXFileReference; includeInIndex = 1; lastKnownFileType = text.xcconfig; name = "Pods-TransactionViewer.debug.xcconfig"; path = "Target Support Files/Pods-TransactionViewer/Pods-TransactionViewer.debug.xcconfig"; sourceTree = "<group>"; };
		55DC0298BC52A96B930B80C8 /* Pods-TransactionViewerTests.release.xcconfig */ = {isa = PBXFileReference; includeInIndex = 1; lastKnownFileType = text.xcconfig; name = "Pods-TransactionViewerTests.release.xcconfig"; path = "Target Support Files/Pods-TransactionViewerTests/Pods-TransactionViewerTests.release.xcconfig"; sourceTree = "<group>"; };
		9FEAE483A9B2EA56001CB8E2 /* libPods-TransactionViewer.a */ = {isa = PBXFileReference; explicitFileType = archive.ar; includeInIndex = 0; path = "libPods-TransactionViewer.a"; sourceTree = BUILT_PRODUCTS_DIR; };
		BA3A091B231135C50041B1DB /* TransactionViewer.app */ = {isa = PBXFileReference; explicitFileType = wrapper.application; includeInIndex = 0; path = TransactionViewer.app; sourceTree = BUILT_PRODUCTS_DIR; };
		BA3A091E231135C50041B1DB /* AppDelegate.swift */ = {isa = PBXFileReference; lastKnownFileType = sourcecode.swift; path = AppDelegate.swift; sourceTree = "<group>"; };
		BA3A0920231135C50041B1DB /* ViewController.swift */ = {isa = PBXFileReference; lastKnownFileType = sourcecode.swift; path = ViewController.swift; sourceTree = "<group>"; };
		BA3A0923231135C50041B1DB /* Base */ = {isa = PBXFileReference; lastKnownFileType = file.storyboard; name = Base; path = Base.lproj/Main.storyboard; sourceTree = "<group>"; };
		BA3A0925231135C60041B1DB /* Assets.xcassets */ = {isa = PBXFileReference; lastKnownFileType = folder.assetcatalog; path = Assets.xcassets; sourceTree = "<group>"; };
		BA3A0928231135C60041B1DB /* Base */ = {isa = PBXFileReference; lastKnownFileType = file.storyboard; name = Base; path = Base.lproj/LaunchScreen.storyboard; sourceTree = "<group>"; };
		BA3A092A231135C60041B1DB /* Info.plist */ = {isa = PBXFileReference; lastKnownFileType = text.plist.xml; path = Info.plist; sourceTree = "<group>"; };
		BA5BBF0F2311936E00A48AB5 /* AppContainer.swift */ = {isa = PBXFileReference; lastKnownFileType = sourcecode.swift; path = AppContainer.swift; sourceTree = "<group>"; };
		BA5BBF1C23119F6100A48AB5 /* AppCoordinator.swift */ = {isa = PBXFileReference; lastKnownFileType = sourcecode.swift; path = AppCoordinator.swift; sourceTree = "<group>"; };
		BA5BBF1E23119FB000A48AB5 /* BaseAppCoordinator.swift */ = {isa = PBXFileReference; lastKnownFileType = sourcecode.swift; path = BaseAppCoordinator.swift; sourceTree = "<group>"; };
		BA5BBF202311CD2B00A48AB5 /* TransactionViewerTests.swift */ = {isa = PBXFileReference; lastKnownFileType = sourcecode.swift; path = TransactionViewerTests.swift; sourceTree = "<group>"; };
		BA7FC0B123114CCA00EE5233 /* TransactionViewerTests.xctest */ = {isa = PBXFileReference; explicitFileType = wrapper.cfbundle; includeInIndex = 0; path = TransactionViewerTests.xctest; sourceTree = BUILT_PRODUCTS_DIR; };
		BA7FC0B523114CCA00EE5233 /* Info.plist */ = {isa = PBXFileReference; lastKnownFileType = text.plist.xml; path = Info.plist; sourceTree = "<group>"; };
		BAE4B7602312583B00B666A8 /* ProductsViewController.swift */ = {isa = PBXFileReference; lastKnownFileType = sourcecode.swift; path = ProductsViewController.swift; sourceTree = "<group>"; };
		BAE4B7622312587400B666A8 /* ProductsViewController.storyboard */ = {isa = PBXFileReference; lastKnownFileType = file.storyboard; path = ProductsViewController.storyboard; sourceTree = "<group>"; };
		BAE4B7652312590C00B666A8 /* UIViewController+Extensions.swift */ = {isa = PBXFileReference; lastKnownFileType = sourcecode.swift; path = "UIViewController+Extensions.swift"; sourceTree = "<group>"; };
		BCB46A029D40B3368AB7FDC5 /* Pods-TransactionViewerTests.debug.xcconfig */ = {isa = PBXFileReference; includeInIndex = 1; lastKnownFileType = text.xcconfig; name = "Pods-TransactionViewerTests.debug.xcconfig"; path = "Target Support Files/Pods-TransactionViewerTests/Pods-TransactionViewerTests.debug.xcconfig"; sourceTree = "<group>"; };
		F81E899600599C675914F734 /* Pods-TransactionViewer.release.xcconfig */ = {isa = PBXFileReference; includeInIndex = 1; lastKnownFileType = text.xcconfig; name = "Pods-TransactionViewer.release.xcconfig"; path = "Target Support Files/Pods-TransactionViewer/Pods-TransactionViewer.release.xcconfig"; sourceTree = "<group>"; };
/* End PBXFileReference section */

/* Begin PBXFrameworksBuildPhase section */
		BA3A0918231135C50041B1DB /* Frameworks */ = {
			isa = PBXFrameworksBuildPhase;
			buildActionMask = 2147483647;
			files = (
				1778DBA162FF3410AC2CF01F /* libPods-TransactionViewer.a in Frameworks */,
			);
			runOnlyForDeploymentPostprocessing = 0;
		};
		BA7FC0AE23114CCA00EE5233 /* Frameworks */ = {
			isa = PBXFrameworksBuildPhase;
			buildActionMask = 2147483647;
			files = (
				8F2EA8342F34BCA53DA18925 /* libPods-TransactionViewerTests.a in Frameworks */,
			);
			runOnlyForDeploymentPostprocessing = 0;
		};
/* End PBXFrameworksBuildPhase section */

/* Begin PBXGroup section */
		675AFF6D687FD19547B7F644 /* Frameworks */ = {
			isa = PBXGroup;
			children = (
				9FEAE483A9B2EA56001CB8E2 /* libPods-TransactionViewer.a */,
				0AF22486B50C050559F930D1 /* libPods-TransactionViewerTests.a */,
			);
			name = Frameworks;
			sourceTree = "<group>";
		};
		735F4C3A27C65C4F0B9D1B38 /* Pods */ = {
			isa = PBXGroup;
			children = (
				330B7D7D6260A5208F788E7B /* Pods-TransactionViewer.debug.xcconfig */,
				F81E899600599C675914F734 /* Pods-TransactionViewer.release.xcconfig */,
				BCB46A029D40B3368AB7FDC5 /* Pods-TransactionViewerTests.debug.xcconfig */,
				55DC0298BC52A96B930B80C8 /* Pods-TransactionViewerTests.release.xcconfig */,
			);
			path = Pods;
			sourceTree = "<group>";
		};
		BA3A0912231135C50041B1DB = {
			isa = PBXGroup;
			children = (
				BA3A091D231135C50041B1DB /* TransactionViewer */,
				BA7FC0B223114CCA00EE5233 /* TransactionViewerTests */,
				BA3A091C231135C50041B1DB /* Products */,
				735F4C3A27C65C4F0B9D1B38 /* Pods */,
				675AFF6D687FD19547B7F644 /* Frameworks */,
			);
			sourceTree = "<group>";
		};
		BA3A091C231135C50041B1DB /* Products */ = {
			isa = PBXGroup;
			children = (
				BA3A091B231135C50041B1DB /* TransactionViewer.app */,
				BA7FC0B123114CCA00EE5233 /* TransactionViewerTests.xctest */,
			);
			name = Products;
			sourceTree = "<group>";
		};
		BA3A091D231135C50041B1DB /* TransactionViewer */ = {
			isa = PBXGroup;
			children = (
				BAE4B764231258FA00B666A8 /* Extensions */,
				BA5BBF1A23119EFF00A48AB5 /* Main Flow */,
				BA5BBF092311915100A48AB5 /* Configuration */,
				BA3A0920231135C50041B1DB /* ViewController.swift */,
				BA3A0922231135C50041B1DB /* Main.storyboard */,
				BA3A0925231135C60041B1DB /* Assets.xcassets */,
				BA3A0927231135C60041B1DB /* LaunchScreen.storyboard */,
				BA3A092A231135C60041B1DB /* Info.plist */,
			);
			path = TransactionViewer;
			sourceTree = "<group>";
		};
		BA5BBF092311915100A48AB5 /* Configuration */ = {
			isa = PBXGroup;
			children = (
				BA3A091E231135C50041B1DB /* AppDelegate.swift */,
				BA5BBF0A2311917100A48AB5 /* DIContainer */,
			);
			path = Configuration;
			sourceTree = "<group>";
		};
		BA5BBF0A2311917100A48AB5 /* DIContainer */ = {
			isa = PBXGroup;
			children = (
				BA5BBF0F2311936E00A48AB5 /* AppContainer.swift */,
			);
			path = DIContainer;
			sourceTree = "<group>";
		};
		BA5BBF1A23119EFF00A48AB5 /* Main Flow */ = {
			isa = PBXGroup;
			children = (
				BAE4B75F2312582700B666A8 /* ProductsScreen */,
				BA5BBF1B23119F1500A48AB5 /* AppCoordinator */,
			);
			path = "Main Flow";
			sourceTree = "<group>";
		};
		BA5BBF1B23119F1500A48AB5 /* AppCoordinator */ = {
			isa = PBXGroup;
			children = (
				BA5BBF1C23119F6100A48AB5 /* AppCoordinator.swift */,
				BA5BBF1E23119FB000A48AB5 /* BaseAppCoordinator.swift */,
			);
			path = AppCoordinator;
			sourceTree = "<group>";
		};
		BA7FC0B223114CCA00EE5233 /* TransactionViewerTests */ = {
			isa = PBXGroup;
			children = (
				BA7FC0B523114CCA00EE5233 /* Info.plist */,
				BA5BBF202311CD2B00A48AB5 /* TransactionViewerTests.swift */,
			);
			path = TransactionViewerTests;
			sourceTree = "<group>";
		};
		BAE4B75F2312582700B666A8 /* ProductsScreen */ = {
			isa = PBXGroup;
			children = (
				BAE4B7602312583B00B666A8 /* ProductsViewController.swift */,
				BAE4B7622312587400B666A8 /* ProductsViewController.storyboard */,
			);
			path = ProductsScreen;
			sourceTree = "<group>";
		};
		BAE4B764231258FA00B666A8 /* Extensions */ = {
			isa = PBXGroup;
			children = (
				BAE4B7652312590C00B666A8 /* UIViewController+Extensions.swift */,
			);
			path = Extensions;
			sourceTree = "<group>";
		};
/* End PBXGroup section */

/* Begin PBXNativeTarget section */
		BA3A091A231135C50041B1DB /* TransactionViewer */ = {
			isa = PBXNativeTarget;
			buildConfigurationList = BA3A092D231135C60041B1DB /* Build configuration list for PBXNativeTarget "TransactionViewer" */;
			buildPhases = (
				A8D173101D267E2DF8BA0992 /* [CP] Check Pods Manifest.lock */,
				BA3A0917231135C50041B1DB /* Sources */,
				BA3A0918231135C50041B1DB /* Frameworks */,
				BA7FC0BC2311658500EE5233 /* Run Swiftlint */,
				BA3A0919231135C50041B1DB /* Resources */,
			);
			buildRules = (
			);
			dependencies = (
			);
			name = TransactionViewer;
			productName = TransactionViewer;
			productReference = BA3A091B231135C50041B1DB /* TransactionViewer.app */;
			productType = "com.apple.product-type.application";
		};
		BA7FC0B023114CCA00EE5233 /* TransactionViewerTests */ = {
			isa = PBXNativeTarget;
			buildConfigurationList = BA7FC0BA23114CCA00EE5233 /* Build configuration list for PBXNativeTarget "TransactionViewerTests" */;
			buildPhases = (
				3D8671958CB22EA22617C07D /* [CP] Check Pods Manifest.lock */,
				BA7FC0AD23114CCA00EE5233 /* Sources */,
				BA7FC0AE23114CCA00EE5233 /* Frameworks */,
				BA7FC0AF23114CCA00EE5233 /* Resources */,
			);
			buildRules = (
			);
			dependencies = (
				BA7FC0B723114CCA00EE5233 /* PBXTargetDependency */,
			);
			name = TransactionViewerTests;
			productName = TransactionViewerTests;
			productReference = BA7FC0B123114CCA00EE5233 /* TransactionViewerTests.xctest */;
			productType = "com.apple.product-type.bundle.unit-test";
		};
/* End PBXNativeTarget section */

/* Begin PBXProject section */
		BA3A0913231135C50041B1DB /* Project object */ = {
			isa = PBXProject;
			attributes = {
				LastSwiftUpdateCheck = 1030;
				LastUpgradeCheck = 1030;
				ORGANIZATIONNAME = "Kirill Shakhansky";
				TargetAttributes = {
					BA3A091A231135C50041B1DB = {
						CreatedOnToolsVersion = 10.3;
					};
					BA7FC0B023114CCA00EE5233 = {
						CreatedOnToolsVersion = 10.3;
						LastSwiftMigration = 1030;
						TestTargetID = BA3A091A231135C50041B1DB;
					};
				};
			};
			buildConfigurationList = BA3A0916231135C50041B1DB /* Build configuration list for PBXProject "TransactionViewer" */;
			compatibilityVersion = "Xcode 9.3";
			developmentRegion = en;
			hasScannedForEncodings = 0;
			knownRegions = (
				en,
				Base,
			);
			mainGroup = BA3A0912231135C50041B1DB;
			productRefGroup = BA3A091C231135C50041B1DB /* Products */;
			projectDirPath = "";
			projectRoot = "";
			targets = (
				BA3A091A231135C50041B1DB /* TransactionViewer */,
				BA7FC0B023114CCA00EE5233 /* TransactionViewerTests */,
			);
		};
/* End PBXProject section */

/* Begin PBXResourcesBuildPhase section */
		BA3A0919231135C50041B1DB /* Resources */ = {
			isa = PBXResourcesBuildPhase;
			buildActionMask = 2147483647;
			files = (
				BA3A0929231135C60041B1DB /* LaunchScreen.storyboard in Resources */,
				BAE4B7632312587400B666A8 /* ProductsViewController.storyboard in Resources */,
				BA3A0926231135C60041B1DB /* Assets.xcassets in Resources */,
				BA3A0924231135C50041B1DB /* Main.storyboard in Resources */,
			);
			runOnlyForDeploymentPostprocessing = 0;
		};
		BA7FC0AF23114CCA00EE5233 /* Resources */ = {
			isa = PBXResourcesBuildPhase;
			buildActionMask = 2147483647;
			files = (
			);
			runOnlyForDeploymentPostprocessing = 0;
		};
/* End PBXResourcesBuildPhase section */

/* Begin PBXShellScriptBuildPhase section */
		3D8671958CB22EA22617C07D /* [CP] Check Pods Manifest.lock */ = {
			isa = PBXShellScriptBuildPhase;
			buildActionMask = 2147483647;
			files = (
			);
			inputFileListPaths = (
			);
			inputPaths = (
				"${PODS_PODFILE_DIR_PATH}/Podfile.lock",
				"${PODS_ROOT}/Manifest.lock",
			);
			name = "[CP] Check Pods Manifest.lock";
			outputFileListPaths = (
			);
			outputPaths = (
				"$(DERIVED_FILE_DIR)/Pods-TransactionViewerTests-checkManifestLockResult.txt",
			);
			runOnlyForDeploymentPostprocessing = 0;
			shellPath = /bin/sh;
			shellScript = "diff \"${PODS_PODFILE_DIR_PATH}/Podfile.lock\" \"${PODS_ROOT}/Manifest.lock\" > /dev/null\nif [ $? != 0 ] ; then\n    # print error to STDERR\n    echo \"error: The sandbox is not in sync with the Podfile.lock. Run 'pod install' or update your CocoaPods installation.\" >&2\n    exit 1\nfi\n# This output is used by Xcode 'outputs' to avoid re-running this script phase.\necho \"SUCCESS\" > \"${SCRIPT_OUTPUT_FILE_0}\"\n";
			showEnvVarsInLog = 0;
		};
		A8D173101D267E2DF8BA0992 /* [CP] Check Pods Manifest.lock */ = {
			isa = PBXShellScriptBuildPhase;
			buildActionMask = 2147483647;
			files = (
			);
			inputFileListPaths = (
			);
			inputPaths = (
				"${PODS_PODFILE_DIR_PATH}/Podfile.lock",
				"${PODS_ROOT}/Manifest.lock",
			);
			name = "[CP] Check Pods Manifest.lock";
			outputFileListPaths = (
			);
			outputPaths = (
				"$(DERIVED_FILE_DIR)/Pods-TransactionViewer-checkManifestLockResult.txt",
			);
			runOnlyForDeploymentPostprocessing = 0;
			shellPath = /bin/sh;
			shellScript = "diff \"${PODS_PODFILE_DIR_PATH}/Podfile.lock\" \"${PODS_ROOT}/Manifest.lock\" > /dev/null\nif [ $? != 0 ] ; then\n    # print error to STDERR\n    echo \"error: The sandbox is not in sync with the Podfile.lock. Run 'pod install' or update your CocoaPods installation.\" >&2\n    exit 1\nfi\n# This output is used by Xcode 'outputs' to avoid re-running this script phase.\necho \"SUCCESS\" > \"${SCRIPT_OUTPUT_FILE_0}\"\n";
			showEnvVarsInLog = 0;
		};
		BA7FC0BC2311658500EE5233 /* Run Swiftlint */ = {
			isa = PBXShellScriptBuildPhase;
			buildActionMask = 2147483647;
			files = (
			);
			inputFileListPaths = (
			);
			inputPaths = (
			);
			name = "Run Swiftlint";
			outputFileListPaths = (
			);
			outputPaths = (
			);
			runOnlyForDeploymentPostprocessing = 0;
			shellPath = /bin/sh;
			shellScript = "\"${PODS_ROOT}/SwiftLint/swiftlint\" --config \"${SRCROOT}/swiftlint.yml\"\n";
		};
/* End PBXShellScriptBuildPhase section */

/* Begin PBXSourcesBuildPhase section */
		BA3A0917231135C50041B1DB /* Sources */ = {
			isa = PBXSourcesBuildPhase;
			buildActionMask = 2147483647;
			files = (
				BAE4B7612312583B00B666A8 /* ProductsViewController.swift in Sources */,
				BA5BBF1D23119F6100A48AB5 /* AppCoordinator.swift in Sources */,
				BA5BBF1F23119FB000A48AB5 /* BaseAppCoordinator.swift in Sources */,
				BAE4B7662312590C00B666A8 /* UIViewController+Extensions.swift in Sources */,
				BA3A0921231135C50041B1DB /* ViewController.swift in Sources */,
				BA5BBF102311936E00A48AB5 /* AppContainer.swift in Sources */,
				BA3A091F231135C50041B1DB /* AppDelegate.swift in Sources */,
			);
			runOnlyForDeploymentPostprocessing = 0;
		};
		BA7FC0AD23114CCA00EE5233 /* Sources */ = {
			isa = PBXSourcesBuildPhase;
			buildActionMask = 2147483647;
			files = (
				BA5BBF212311CD2B00A48AB5 /* TransactionViewerTests.swift in Sources */,
			);
			runOnlyForDeploymentPostprocessing = 0;
		};
/* End PBXSourcesBuildPhase section */

/* Begin PBXTargetDependency section */
		BA7FC0B723114CCA00EE5233 /* PBXTargetDependency */ = {
			isa = PBXTargetDependency;
			target = BA3A091A231135C50041B1DB /* TransactionViewer */;
			targetProxy = BA7FC0B623114CCA00EE5233 /* PBXContainerItemProxy */;
		};
/* End PBXTargetDependency section */

/* Begin PBXVariantGroup section */
		BA3A0922231135C50041B1DB /* Main.storyboard */ = {
			isa = PBXVariantGroup;
			children = (
				BA3A0923231135C50041B1DB /* Base */,
			);
			name = Main.storyboard;
			sourceTree = "<group>";
		};
		BA3A0927231135C60041B1DB /* LaunchScreen.storyboard */ = {
			isa = PBXVariantGroup;
			children = (
				BA3A0928231135C60041B1DB /* Base */,
			);
			name = LaunchScreen.storyboard;
			sourceTree = "<group>";
		};
/* End PBXVariantGroup section */

/* Begin XCBuildConfiguration section */
		BA3A092B231135C60041B1DB /* Debug */ = {
			isa = XCBuildConfiguration;
			buildSettings = {
				ALWAYS_SEARCH_USER_PATHS = NO;
				CLANG_ANALYZER_NONNULL = YES;
				CLANG_ANALYZER_NUMBER_OBJECT_CONVERSION = YES_AGGRESSIVE;
				CLANG_CXX_LANGUAGE_STANDARD = "gnu++14";
				CLANG_CXX_LIBRARY = "libc++";
				CLANG_ENABLE_MODULES = YES;
				CLANG_ENABLE_OBJC_ARC = YES;
				CLANG_ENABLE_OBJC_WEAK = YES;
				CLANG_WARN_BLOCK_CAPTURE_AUTORELEASING = YES;
				CLANG_WARN_BOOL_CONVERSION = YES;
				CLANG_WARN_COMMA = YES;
				CLANG_WARN_CONSTANT_CONVERSION = YES;
				CLANG_WARN_DEPRECATED_OBJC_IMPLEMENTATIONS = YES;
				CLANG_WARN_DIRECT_OBJC_ISA_USAGE = YES_ERROR;
				CLANG_WARN_DOCUMENTATION_COMMENTS = YES;
				CLANG_WARN_EMPTY_BODY = YES;
				CLANG_WARN_ENUM_CONVERSION = YES;
				CLANG_WARN_INFINITE_RECURSION = YES;
				CLANG_WARN_INT_CONVERSION = YES;
				CLANG_WARN_NON_LITERAL_NULL_CONVERSION = YES;
				CLANG_WARN_OBJC_IMPLICIT_RETAIN_SELF = YES;
				CLANG_WARN_OBJC_LITERAL_CONVERSION = YES;
				CLANG_WARN_OBJC_ROOT_CLASS = YES_ERROR;
				CLANG_WARN_RANGE_LOOP_ANALYSIS = YES;
				CLANG_WARN_STRICT_PROTOTYPES = YES;
				CLANG_WARN_SUSPICIOUS_MOVE = YES;
				CLANG_WARN_UNGUARDED_AVAILABILITY = YES_AGGRESSIVE;
				CLANG_WARN_UNREACHABLE_CODE = YES;
				CLANG_WARN__DUPLICATE_METHOD_MATCH = YES;
				CODE_SIGN_IDENTITY = "iPhone Developer";
				COPY_PHASE_STRIP = NO;
				DEBUG_INFORMATION_FORMAT = dwarf;
				ENABLE_STRICT_OBJC_MSGSEND = YES;
				ENABLE_TESTABILITY = YES;
				GCC_C_LANGUAGE_STANDARD = gnu11;
				GCC_DYNAMIC_NO_PIC = NO;
				GCC_NO_COMMON_BLOCKS = YES;
				GCC_OPTIMIZATION_LEVEL = 0;
				GCC_PREPROCESSOR_DEFINITIONS = (
					"DEBUG=1",
					"$(inherited)",
				);
				GCC_WARN_64_TO_32_BIT_CONVERSION = YES;
				GCC_WARN_ABOUT_RETURN_TYPE = YES_ERROR;
				GCC_WARN_UNDECLARED_SELECTOR = YES;
				GCC_WARN_UNINITIALIZED_AUTOS = YES_AGGRESSIVE;
				GCC_WARN_UNUSED_FUNCTION = YES;
				GCC_WARN_UNUSED_VARIABLE = YES;
				IPHONEOS_DEPLOYMENT_TARGET = 12.0;
				MTL_ENABLE_DEBUG_INFO = INCLUDE_SOURCE;
				MTL_FAST_MATH = YES;
				ONLY_ACTIVE_ARCH = YES;
				SDKROOT = iphoneos;
				SWIFT_ACTIVE_COMPILATION_CONDITIONS = DEBUG;
				SWIFT_OPTIMIZATION_LEVEL = "-Onone";
			};
			name = Debug;
		};
		BA3A092C231135C60041B1DB /* Release */ = {
			isa = XCBuildConfiguration;
			buildSettings = {
				ALWAYS_SEARCH_USER_PATHS = NO;
				CLANG_ANALYZER_NONNULL = YES;
				CLANG_ANALYZER_NUMBER_OBJECT_CONVERSION = YES_AGGRESSIVE;
				CLANG_CXX_LANGUAGE_STANDARD = "gnu++14";
				CLANG_CXX_LIBRARY = "libc++";
				CLANG_ENABLE_MODULES = YES;
				CLANG_ENABLE_OBJC_ARC = YES;
				CLANG_ENABLE_OBJC_WEAK = YES;
				CLANG_WARN_BLOCK_CAPTURE_AUTORELEASING = YES;
				CLANG_WARN_BOOL_CONVERSION = YES;
				CLANG_WARN_COMMA = YES;
				CLANG_WARN_CONSTANT_CONVERSION = YES;
				CLANG_WARN_DEPRECATED_OBJC_IMPLEMENTATIONS = YES;
				CLANG_WARN_DIRECT_OBJC_ISA_USAGE = YES_ERROR;
				CLANG_WARN_DOCUMENTATION_COMMENTS = YES;
				CLANG_WARN_EMPTY_BODY = YES;
				CLANG_WARN_ENUM_CONVERSION = YES;
				CLANG_WARN_INFINITE_RECURSION = YES;
				CLANG_WARN_INT_CONVERSION = YES;
				CLANG_WARN_NON_LITERAL_NULL_CONVERSION = YES;
				CLANG_WARN_OBJC_IMPLICIT_RETAIN_SELF = YES;
				CLANG_WARN_OBJC_LITERAL_CONVERSION = YES;
				CLANG_WARN_OBJC_ROOT_CLASS = YES_ERROR;
				CLANG_WARN_RANGE_LOOP_ANALYSIS = YES;
				CLANG_WARN_STRICT_PROTOTYPES = YES;
				CLANG_WARN_SUSPICIOUS_MOVE = YES;
				CLANG_WARN_UNGUARDED_AVAILABILITY = YES_AGGRESSIVE;
				CLANG_WARN_UNREACHABLE_CODE = YES;
				CLANG_WARN__DUPLICATE_METHOD_MATCH = YES;
				CODE_SIGN_IDENTITY = "iPhone Developer";
				COPY_PHASE_STRIP = NO;
				DEBUG_INFORMATION_FORMAT = "dwarf-with-dsym";
				ENABLE_NS_ASSERTIONS = NO;
				ENABLE_STRICT_OBJC_MSGSEND = YES;
				GCC_C_LANGUAGE_STANDARD = gnu11;
				GCC_NO_COMMON_BLOCKS = YES;
				GCC_WARN_64_TO_32_BIT_CONVERSION = YES;
				GCC_WARN_ABOUT_RETURN_TYPE = YES_ERROR;
				GCC_WARN_UNDECLARED_SELECTOR = YES;
				GCC_WARN_UNINITIALIZED_AUTOS = YES_AGGRESSIVE;
				GCC_WARN_UNUSED_FUNCTION = YES;
				GCC_WARN_UNUSED_VARIABLE = YES;
				IPHONEOS_DEPLOYMENT_TARGET = 12.0;
				MTL_ENABLE_DEBUG_INFO = NO;
				MTL_FAST_MATH = YES;
				SDKROOT = iphoneos;
				SWIFT_COMPILATION_MODE = wholemodule;
				SWIFT_OPTIMIZATION_LEVEL = "-O";
				VALIDATE_PRODUCT = YES;
			};
			name = Release;
		};
		BA3A092E231135C60041B1DB /* Debug */ = {
			isa = XCBuildConfiguration;
			baseConfigurationReference = 330B7D7D6260A5208F788E7B /* Pods-TransactionViewer.debug.xcconfig */;
			buildSettings = {
				ASSETCATALOG_COMPILER_APPICON_NAME = AppIcon;
				CODE_SIGN_STYLE = Automatic;
				DEVELOPMENT_TEAM = Y3R3Z3JF3Q;
				INFOPLIST_FILE = TransactionViewer/Info.plist;
				LD_RUNPATH_SEARCH_PATHS = (
					"$(inherited)",
					"@executable_path/Frameworks",
				);
				PRODUCT_BUNDLE_IDENTIFIER = com.shakhansky.kirill.TransactionViewer;
				PRODUCT_NAME = "$(TARGET_NAME)";
				SWIFT_VERSION = 5.0;
				TARGETED_DEVICE_FAMILY = 1;
			};
			name = Debug;
		};
		BA3A092F231135C60041B1DB /* Release */ = {
			isa = XCBuildConfiguration;
			baseConfigurationReference = F81E899600599C675914F734 /* Pods-TransactionViewer.release.xcconfig */;
			buildSettings = {
				ASSETCATALOG_COMPILER_APPICON_NAME = AppIcon;
				CODE_SIGN_STYLE = Automatic;
				DEVELOPMENT_TEAM = Y3R3Z3JF3Q;
				INFOPLIST_FILE = TransactionViewer/Info.plist;
				LD_RUNPATH_SEARCH_PATHS = (
					"$(inherited)",
					"@executable_path/Frameworks",
				);
				PRODUCT_BUNDLE_IDENTIFIER = com.shakhansky.kirill.TransactionViewer;
				PRODUCT_NAME = "$(TARGET_NAME)";
				SWIFT_VERSION = 5.0;
				TARGETED_DEVICE_FAMILY = 1;
			};
			name = Release;
		};
		BA7FC0B823114CCA00EE5233 /* Debug */ = {
			isa = XCBuildConfiguration;
			baseConfigurationReference = BCB46A029D40B3368AB7FDC5 /* Pods-TransactionViewerTests.debug.xcconfig */;
			buildSettings = {
				BUNDLE_LOADER = "$(TEST_HOST)";
				CLANG_ENABLE_MODULES = YES;
				CODE_SIGN_STYLE = Automatic;
				DEVELOPMENT_TEAM = Y3R3Z3JF3Q;
				INFOPLIST_FILE = TransactionViewerTests/Info.plist;
				LD_RUNPATH_SEARCH_PATHS = (
					"$(inherited)",
					"@executable_path/Frameworks",
					"@loader_path/Frameworks",
				);
				PRODUCT_BUNDLE_IDENTIFIER = com.shakhansky.kirill.TransactionViewerTests;
				PRODUCT_NAME = "$(TARGET_NAME)";
				SWIFT_OPTIMIZATION_LEVEL = "-Onone";
				SWIFT_VERSION = 5.0;
				TARGETED_DEVICE_FAMILY = "1,2";
				TEST_HOST = "$(BUILT_PRODUCTS_DIR)/TransactionViewer.app/TransactionViewer";
			};
			name = Debug;
		};
		BA7FC0B923114CCA00EE5233 /* Release */ = {
			isa = XCBuildConfiguration;
			baseConfigurationReference = 55DC0298BC52A96B930B80C8 /* Pods-TransactionViewerTests.release.xcconfig */;
			buildSettings = {
				BUNDLE_LOADER = "$(TEST_HOST)";
				CLANG_ENABLE_MODULES = YES;
				CODE_SIGN_STYLE = Automatic;
				DEVELOPMENT_TEAM = Y3R3Z3JF3Q;
				INFOPLIST_FILE = TransactionViewerTests/Info.plist;
				LD_RUNPATH_SEARCH_PATHS = (
					"$(inherited)",
					"@executable_path/Frameworks",
					"@loader_path/Frameworks",
				);
				PRODUCT_BUNDLE_IDENTIFIER = com.shakhansky.kirill.TransactionViewerTests;
				PRODUCT_NAME = "$(TARGET_NAME)";
				SWIFT_VERSION = 5.0;
				TARGETED_DEVICE_FAMILY = "1,2";
				TEST_HOST = "$(BUILT_PRODUCTS_DIR)/TransactionViewer.app/TransactionViewer";
			};
			name = Release;
		};
/* End XCBuildConfiguration section */

/* Begin XCConfigurationList section */
		BA3A0916231135C50041B1DB /* Build configuration list for PBXProject "TransactionViewer" */ = {
			isa = XCConfigurationList;
			buildConfigurations = (
				BA3A092B231135C60041B1DB /* Debug */,
				BA3A092C231135C60041B1DB /* Release */,
			);
			defaultConfigurationIsVisible = 0;
			defaultConfigurationName = Release;
		};
		BA3A092D231135C60041B1DB /* Build configuration list for PBXNativeTarget "TransactionViewer" */ = {
			isa = XCConfigurationList;
			buildConfigurations = (
				BA3A092E231135C60041B1DB /* Debug */,
				BA3A092F231135C60041B1DB /* Release */,
			);
			defaultConfigurationIsVisible = 0;
			defaultConfigurationName = Release;
		};
		BA7FC0BA23114CCA00EE5233 /* Build configuration list for PBXNativeTarget "TransactionViewerTests" */ = {
			isa = XCConfigurationList;
			buildConfigurations = (
				BA7FC0B823114CCA00EE5233 /* Debug */,
				BA7FC0B923114CCA00EE5233 /* Release */,
			);
			defaultConfigurationIsVisible = 0;
			defaultConfigurationName = Release;
		};
/* End XCConfigurationList section */
	};
	rootObject = BA3A0913231135C50041B1DB /* Project object */;
}
